
Microsoft Visual Studio Solution File, Format Version 12.00
# Visual Studio 15
VisualStudioVersion = 15.0.27428.2015
MinimumVisualStudioVersion = 10.0.40219.1
Project("{9A19103F-16F7-4668-BE54-9A1E7A4F7556}") = "Block.Io.Core", "Block.Io.Core\Block.Io.Core.csproj", "{93328F7B-C652-4426-ACB6-B12641B96675}"
EndProject
Project("{9A19103F-16F7-4668-BE54-9A1E7A4F7556}") = "Block.IO.Core.Test", "Block.IO.Core.Test\Block.IO.Core.Test.csproj", "{6F09B06B-9B3E-49FD-984B-56727E0A4EE1}"
EndProject
Global
	GlobalSection(SolutionConfigurationPlatforms) = preSolution
		Debug|Any CPU = Debug|Any CPU
		Release|Any CPU = Release|Any CPU
	EndGlobalSection
	GlobalSection(ProjectConfigurationPlatforms) = postSolution
		{93328F7B-C652-4426-ACB6-B12641B96675}.Debug|Any CPU.ActiveCfg = Debug|Any CPU
		{93328F7B-C652-4426-ACB6-B12641B96675}.Debug|Any CPU.Build.0 = Debug|Any CPU
		{93328F7B-C652-4426-ACB6-B12641B96675}.Release|Any CPU.ActiveCfg = Release|Any CPU
		{93328F7B-C652-4426-ACB6-B12641B96675}.Release|Any CPU.Build.0 = Release|Any CPU
		{6F09B06B-9B3E-49FD-984B-56727E0A4EE1}.Debug|Any CPU.ActiveCfg = Debug|Any CPU
		{6F09B06B-9B3E-49FD-984B-56727E0A4EE1}.Debug|Any CPU.Build.0 = Debug|Any CPU
		{6F09B06B-9B3E-49FD-984B-56727E0A4EE1}.Release|Any CPU.ActiveCfg = Release|Any CPU
		{6F09B06B-9B3E-49FD-984B-56727E0A4EE1}.Release|Any CPU.Build.0 = Release|Any CPU
	EndGlobalSection
	GlobalSection(SolutionProperties) = preSolution
		HideSolutionNode = FALSE
	EndGlobalSection
	GlobalSection(ExtensibilityGlobals) = postSolution
		SolutionGuid = {188180EC-9959-4F79-AAF6-D9546184C3D8}
	EndGlobalSection
EndGlobal
